// !$*UTF8*$!
{
	archiveVersion = 1;
	classes = {
	};
	objectVersion = 77;
	objects = {

/* Begin PBXContainerItemProxy section */
		F4B9BA3A2F1C75CC00DE02C7 /* PBXContainerItemProxy */ = {
			isa = PBXContainerItemProxy;
			containerPortal = F4B9BA242F1C75CB00DE02C7 /* Project object */;
			proxyType = 1;
			remoteGlobalIDString = F4B9BA2B2F1C75CB00DE02C7;
			remoteInfo = marmy;
		};
		F4B9BA442F1C75CC00DE02C7 /* PBXContainerItemProxy */ = {
			isa = PBXContainerItemProxy;
			containerPortal = F4B9BA242F1C75CB00DE02C7 /* Project object */;
			proxyType = 1;
			remoteGlobalIDString = F4B9BA2B2F1C75CB00DE02C7;
			remoteInfo = marmy;
		};
/* End PBXContainerItemProxy section */

/* Begin PBXFileReference section */
		F4B9BA2C2F1C75CB00DE02C7 /* marmy.app */ = {isa = PBXFileReference; explicitFileType = wrapper.application; includeInIndex = 0; path = marmy.app; sourceTree = BUILT_PRODUCTS_DIR; };
		F4B9BA392F1C75CC00DE02C7 /* marmyTests.xctest */ = {isa = PBXFileReference; explicitFileType = wrapper.cfbundle; includeInIndex = 0; path = marmyTests.xctest; sourceTree = BUILT_PRODUCTS_DIR; };
		F4B9BA432F1C75CC00DE02C7 /* marmyUITests.xctest */ = {isa = PBXFileReference; explicitFileType = wrapper.cfbundle; includeInIndex = 0; path = marmyUITests.xctest; sourceTree = BUILT_PRODUCTS_DIR; };
/* End PBXFileReference section */

/* Begin PBXFileSystemSynchronizedRootGroup section */
		F4B9BA2E2F1C75CB00DE02C7 /* marmy */ = {
			isa = PBXFileSystemSynchronizedRootGroup;
			path = marmy;
			sourceTree = "<group>";
		};
		F4B9BA3C2F1C75CC00DE02C7 /* marmyTests */ = {
			isa = PBXFileSystemSynchronizedRootGroup;
			path = marmyTests;
			sourceTree = "<group>";
		};
		F4B9BA462F1C75CC00DE02C7 /* marmyUITests */ = {
			isa = PBXFileSystemSynchronizedRootGroup;
			path = marmyUITests;
			sourceTree = "<group>";
		};
/* End PBXFileSystemSynchronizedRootGroup section */

/* Begin PBXFrameworksBuildPhase section */
		F4B9BA292F1C75CB00DE02C7 /* Frameworks */ = {
			isa = PBXFrameworksBuildPhase;
			buildActionMask = 2147483647;
			files = (
			);
			runOnlyForDeploymentPostprocessing = 0;
		};
		F4B9BA362F1C75CC00DE02C7 /* Frameworks */ = {
			isa = PBXFrameworksBuildPhase;
			buildActionMask = 2147483647;
			files = (
			);
			runOnlyForDeploymentPostprocessing = 0;
		};
		F4B9BA402F1C75CC00DE02C7 /* Frameworks */ = {
			isa = PBXFrameworksBuildPhase;
			buildActionMask = 2147483647;
			files = (
			);
			runOnlyForDeploymentPostprocessing = 0;
		};
/* End PBXFrameworksBuildPhase section */

/* Begin PBXGroup section */
		F4B9BA232F1C75CB00DE02C7 = {
			isa = PBXGroup;
			children = (
				F4B9BA2E2F1C75CB00DE02C7 /* marmy */,
				F4B9BA3C2F1C75CC00DE02C7 /* marmyTests */,
				F4B9BA462F1C75CC00DE02C7 /* marmyUITests */,
				F4B9BA2D2F1C75CB00DE02C7 /* Products */,
			);
			sourceTree = "<group>";
		};
		F4B9BA2D2F1C75CB00DE02C7 /* Products */ = {
			isa = PBXGroup;
			children = (
				F4B9BA2C2F1C75CB00DE02C7 /* marmy.app */,
				F4B9BA392F1C75CC00DE02C7 /* marmyTests.xctest */,
				F4B9BA432F1C75CC00DE02C7 /* marmyUITests.xctest */,
			);
			name = Products;
			sourceTree = "<group>";
		};
/* End PBXGroup section */

/* Begin PBXNativeTarget section */
		F4B9BA2B2F1C75CB00DE02C7 /* marmy */ = {
			isa = PBXNativeTarget;
			buildConfigurationList = F4B9BA4D2F1C75CC00DE02C7 /* Build configuration list for PBXNativeTarget "marmy" */;
			buildPhases = (
				F4B9BA282F1C75CB00DE02C7 /* Sources */,
				F4B9BA292F1C75CB00DE02C7 /* Frameworks */,
				F4B9BA2A2F1C75CB00DE02C7 /* Resources */,
			);
			buildRules = (
			);
			dependencies = (
			);
			fileSystemSynchronizedGroups = (
				F4B9BA2E2F1C75CB00DE02C7 /* marmy */,
			);
			name = marmy;
			packageProductDependencies = (
			);
			productName = marmy;
			productReference = F4B9BA2C2F1C75CB00DE02C7 /* marmy.app */;
			productType = "com.apple.product-type.application";
		};
		F4B9BA382F1C75CC00DE02C7 /* marmyTests */ = {
			isa = PBXNativeTarget;
			buildConfigurationList = F4B9BA502F1C75CC00DE02C7 /* Build configuration list for PBXNativeTarget "marmyTests" */;
			buildPhases = (
				F4B9BA352F1C75CC00DE02C7 /* Sources */,
				F4B9BA362F1C75CC00DE02C7 /* Frameworks */,
				F4B9BA372F1C75CC00DE02C7 /* Resources */,
			);
			buildRules = (
			);
			dependencies = (
				F4B9BA3B2F1C75CC00DE02C7 /* PBXTargetDependency */,
			);
			fileSystemSynchronizedGroups = (
				F4B9BA3C2F1C75CC00DE02C7 /* marmyTests */,
			);
			name = marmyTests;
			packageProductDependencies = (
			);
			productName = marmyTests;
			productReference = F4B9BA392F1C75CC00DE02C7 /* marmyTests.xctest */;
			productType = "com.apple.product-type.bundle.unit-test";
		};
		F4B9BA422F1C75CC00DE02C7 /* marmyUITests */ = {
			isa = PBXNativeTarget;
			buildConfigurationList = F4B9BA532F1C75CC00DE02C7 /* Build configuration list for PBXNativeTarget "marmyUITests" */;
			buildPhases = (
				F4B9BA3F2F1C75CC00DE02C7 /* Sources */,
				F4B9BA402F1C75CC00DE02C7 /* Frameworks */,
				F4B9BA412F1C75CC00DE02C7 /* Resources */,
			);
			buildRules = (
			);
			dependencies = (
				F4B9BA452F1C75CC00DE02C7 /* PBXTargetDependency */,
			);
			fileSystemSynchronizedGroups = (
				F4B9BA462F1C75CC00DE02C7 /* marmyUITests */,
			);
			name = marmyUITests;
			packageProductDependencies = (
			);
			productName = marmyUITests;
			productReference = F4B9BA432F1C75CC00DE02C7 /* marmyUITests.xctest */;
			productType = "com.apple.product-type.bundle.ui-testing";
		};
/* End PBXNativeTarget section */

/* Begin PBXProject section */
		F4B9BA242F1C75CB00DE02C7 /* Project object */ = {
			isa = PBXProject;
			attributes = {
				BuildIndependentTargetsInParallel = 1;
				LastSwiftUpdateCheck = 1640;
				LastUpgradeCheck = 1640;
				TargetAttributes = {
					F4B9BA2B2F1C75CB00DE02C7 = {
						CreatedOnToolsVersion = 16.4;
					};
					F4B9BA382F1C75CC00DE02C7 = {
						CreatedOnToolsVersion = 16.4;
						TestTargetID = F4B9BA2B2F1C75CB00DE02C7;
					};
					F4B9BA422F1C75CC00DE02C7 = {
						CreatedOnToolsVersion = 16.4;
						TestTargetID = F4B9BA2B2F1C75CB00DE02C7;
					};
				};
			};
			buildConfigurationList = F4B9BA272F1C75CB00DE02C7 /* Build configuration list for PBXProject "marmy" */;
			developmentRegion = en;
			hasScannedForEncodings = 0;
			knownRegions = (
				en,
				Base,
			);
			mainGroup = F4B9BA232F1C75CB00DE02C7;
			minimizedProjectReferenceProxies = 1;
			preferredProjectObjectVersion = 77;
			productRefGroup = F4B9BA2D2F1C75CB00DE02C7 /* Products */;
			projectDirPath = "";
			projectRoot = "";
			targets = (
				F4B9BA2B2F1C75CB00DE02C7 /* marmy */,
				F4B9BA382F1C75CC00DE02C7 /* marmyTests */,
				F4B9BA422F1C75CC00DE02C7 /* marmyUITests */,
			);
		};
/* End PBXProject section */

/* Begin PBXResourcesBuildPhase section */
		F4B9BA2A2F1C75CB00DE02C7 /* Resources */ = {
			isa = PBXResourcesBuildPhase;
			buildActionMask = 2147483647;
			files = (
			);
			runOnlyForDeploymentPostprocessing = 0;
		};
		F4B9BA372F1C75CC00DE02C7 /* Resources */ = {
			isa = PBXResourcesBuildPhase;
			buildActionMask = 2147483647;
			files = (
			);
			runOnlyForDeploymentPostprocessing = 0;
		};
		F4B9BA412F1C75CC00DE02C7 /* Resources */ = {
			isa = PBXResourcesBuildPhase;
			buildActionMask = 2147483647;
			files = (
			);
			runOnlyForDeploymentPostprocessing = 0;
		};
/* End PBXResourcesBuildPhase section */

/* Begin PBXSourcesBuildPhase section */
		F4B9BA282F1C75CB00DE02C7 /* Sources */ = {
			isa = PBXSourcesBuildPhase;
			buildActionMask = 2147483647;
			files = (
			);
			runOnlyForDeploymentPostprocessing = 0;
		};
		F4B9BA352F1C75CC00DE02C7 /* Sources */ = {
			isa = PBXSourcesBuildPhase;
			buildActionMask = 2147483647;
			files = (
			);
			runOnlyForDeploymentPostprocessing = 0;
		};
		F4B9BA3F2F1C75CC00DE02C7 /* Sources */ = {
			isa = PBXSourcesBuildPhase;
			buildActionMask = 2147483647;
			files = (
			);
			runOnlyForDeploymentPostprocessing = 0;
		};
/* End PBXSourcesBuildPhase section */

/* Begin PBXTargetDependency section */
		F4B9BA3B2F1C75CC00DE02C7 /* PBXTargetDependency */ = {
			isa = PBXTargetDependency;
			target = F4B9BA2B2F1C75CB00DE02C7 /* marmy */;
			targetProxy = F4B9BA3A2F1C75CC00DE02C7 /* PBXContainerItemProxy */;
		};
		F4B9BA452F1C75CC00DE02C7 /* PBXTargetDependency */ = {
			isa = PBXTargetDependency;
			target = F4B9BA2B2F1C75CB00DE02C7 /* marmy */;
			targetProxy = F4B9BA442F1C75CC00DE02C7 /* PBXContainerItemProxy */;
		};
/* End PBXTargetDependency section */

/* Begin XCBuildConfiguration section */
		F4B9BA4B2F1C75CC00DE02C7 /* Debug */ = {
			isa = XCBuildConfiguration;
			buildSettings = {
				ALWAYS_SEARCH_USER_PATHS = NO;
				ASSETCATALOG_COMPILER_GENERATE_SWIFT_ASSET_SYMBOL_EXTENSIONS = YES;
				CLANG_ANALYZER_NONNULL = YES;
				CLANG_ANALYZER_NUMBER_OBJECT_CONVERSION = YES_AGGRESSIVE;
				CLANG_CXX_LANGUAGE_STANDARD = "gnu++20";
				CLANG_ENABLE_MODULES = YES;
				CLANG_ENABLE_OBJC_ARC = YES;
				CLANG_ENABLE_OBJC_WEAK = YES;
				CLANG_WARN_BLOCK_CAPTURE_AUTORELEASING = YES;
				CLANG_WARN_BOOL_CONVERSION = YES;
				CLANG_WARN_COMMA = YES;
				CLANG_WARN_CONSTANT_CONVERSION = YES;
				CLANG_WARN_DEPRECATED_OBJC_IMPLEMENTATIONS = YES;
				CLANG_WARN_DIRECT_OBJC_ISA_USAGE = YES_ERROR;
				CLANG_WARN_DOCUMENTATION_COMMENTS = YES;
				CLANG_WARN_EMPTY_BODY = YES;
				CLANG_WARN_ENUM_CONVERSION = YES;
				CLANG_WARN_INFINITE_RECURSION = YES;
				CLANG_WARN_INT_CONVERSION = YES;
				CLANG_WARN_NON_LITERAL_NULL_CONVERSION = YES;
				CLANG_WARN_OBJC_IMPLICIT_RETAIN_SELF = YES;
				CLANG_WARN_OBJC_LITERAL_CONVERSION = YES;
				CLANG_WARN_OBJC_ROOT_CLASS = YES_ERROR;
				CLANG_WARN_QUOTED_INCLUDE_IN_FRAMEWORK_HEADER = YES;
				CLANG_WARN_RANGE_LOOP_ANALYSIS = YES;
				CLANG_WARN_STRICT_PROTOTYPES = YES;
				CLANG_WARN_SUSPICIOUS_MOVE = YES;
				CLANG_WARN_UNGUARDED_AVAILABILITY = YES_AGGRESSIVE;
				CLANG_WARN_UNREACHABLE_CODE = YES;
				CLANG_WARN__DUPLICATE_METHOD_MATCH = YES;
				COPY_PHASE_STRIP = NO;
				DEBUG_INFORMATION_FORMAT = dwarf;
				DEVELOPMENT_TEAM = P6BMHC8R6H;
				ENABLE_STRICT_OBJC_MSGSEND = YES;
				ENABLE_TESTABILITY = YES;
				ENABLE_USER_SCRIPT_SANDBOXING = YES;
				GCC_C_LANGUAGE_STANDARD = gnu17;
				GCC_DYNAMIC_NO_PIC = NO;
				GCC_NO_COMMON_BLOCKS = YES;
				GCC_OPTIMIZATION_LEVEL = 0;
				GCC_PREPROCESSOR_DEFINITIONS = (
					"DEBUG=1",
					"$(inherited)",
				);
				GCC_WARN_64_TO_32_BIT_CONVERSION = YES;
				GCC_WARN_ABOUT_RETURN_TYPE = YES_ERROR;
				GCC_WARN_UNDECLARED_SELECTOR = YES;
				GCC_WARN_UNINITIALIZED_AUTOS = YES_AGGRESSIVE;
				GCC_WARN_UNUSED_FUNCTION = YES;
				GCC_WARN_UNUSED_VARIABLE = YES;
				IPHONEOS_DEPLOYMENT_TARGET = 18.5;
				LOCALIZATION_PREFERS_STRING_CATALOGS = YES;
				MTL_ENABLE_DEBUG_INFO = INCLUDE_SOURCE;
				MTL_FAST_MATH = YES;
				ONLY_ACTIVE_ARCH = YES;
				SDKROOT = iphoneos;
				SWIFT_ACTIVE_COMPILATION_CONDITIONS = "DEBUG $(inherited)";
				SWIFT_OPTIMIZATION_LEVEL = "-Onone";
			};
			name = Debug;
		};
		F4B9BA4C2F1C75CC00DE02C7 /* Release */ = {
			isa = XCBuildConfiguration;
			buildSettings = {
				ALWAYS_SEARCH_USER_PATHS = NO;
				ASSETCATALOG_COMPILER_GENERATE_SWIFT_ASSET_SYMBOL_EXTENSIONS = YES;
				CLANG_ANALYZER_NONNULL = YES;
				CLANG_ANALYZER_NUMBER_OBJECT_CONVERSION = YES_AGGRESSIVE;
				CLANG_CXX_LANGUAGE_STANDARD = "gnu++20";
				CLANG_ENABLE_MODULES = YES;
				CLANG_ENABLE_OBJC_ARC = YES;
				CLANG_ENABLE_OBJC_WEAK = YES;
				CLANG_WARN_BLOCK_CAPTURE_AUTORELEASING = YES;
				CLANG_WARN_BOOL_CONVERSION = YES;
				CLANG_WARN_COMMA = YES;
				CLANG_WARN_CONSTANT_CONVERSION = YES;
				CLANG_WARN_DEPRECATED_OBJC_IMPLEMENTATIONS = YES;
				CLANG_WARN_DIRECT_OBJC_ISA_USAGE = YES_ERROR;
				CLANG_WARN_DOCUMENTATION_COMMENTS = YES;
				CLANG_WARN_EMPTY_BODY = YES;
				CLANG_WARN_ENUM_CONVERSION = YES;
				CLANG_WARN_INFINITE_RECURSION = YES;
				CLANG_WARN_INT_CONVERSION = YES;
				CLANG_WARN_NON_LITERAL_NULL_CONVERSION = YES;
				CLANG_WARN_OBJC_IMPLICIT_RETAIN_SELF = YES;
				CLANG_WARN_OBJC_LITERAL_CONVERSION = YES;
				CLANG_WARN_OBJC_ROOT_CLASS = YES_ERROR;
				CLANG_WARN_QUOTED_INCLUDE_IN_FRAMEWORK_HEADER = YES;
				CLANG_WARN_RANGE_LOOP_ANALYSIS = YES;
				CLANG_WARN_STRICT_PROTOTYPES = YES;
				CLANG_WARN_SUSPICIOUS_MOVE = YES;
				CLANG_WARN_UNGUARDED_AVAILABILITY = YES_AGGRESSIVE;
				CLANG_WARN_UNREACHABLE_CODE = YES;
				CLANG_WARN__DUPLICATE_METHOD_MATCH = YES;
				COPY_PHASE_STRIP = NO;
				DEBUG_INFORMATION_FORMAT = "dwarf-with-dsym";
				DEVELOPMENT_TEAM = P6BMHC8R6H;
				ENABLE_NS_ASSERTIONS = NO;
				ENABLE_STRICT_OBJC_MSGSEND = YES;
				ENABLE_USER_SCRIPT_SANDBOXING = YES;
				GCC_C_LANGUAGE_STANDARD = gnu17;
				GCC_NO_COMMON_BLOCKS = YES;
				GCC_WARN_64_TO_32_BIT_CONVERSION = YES;
				GCC_WARN_ABOUT_RETURN_TYPE = YES_ERROR;
				GCC_WARN_UNDECLARED_SELECTOR = YES;
				GCC_WARN_UNINITIALIZED_AUTOS = YES_AGGRESSIVE;
				GCC_WARN_UNUSED_FUNCTION = YES;
				GCC_WARN_UNUSED_VARIABLE = YES;
				IPHONEOS_DEPLOYMENT_TARGET = 18.5;
				LOCALIZATION_PREFERS_STRING_CATALOGS = YES;
				MTL_ENABLE_DEBUG_INFO = NO;
				MTL_FAST_MATH = YES;
				SDKROOT = iphoneos;
				SWIFT_COMPILATION_MODE = wholemodule;
				VALIDATE_PRODUCT = YES;
			};
			name = Release;
		};
		F4B9BA4E2F1C75CC00DE02C7 /* Debug */ = {
			isa = XCBuildConfiguration;
			buildSettings = {
				ASSETCATALOG_COMPILER_APPICON_NAME = AppIcon;
				ASSETCATALOG_COMPILER_GLOBAL_ACCENT_COLOR_NAME = AccentColor;
				CODE_SIGN_STYLE = Automatic;
				CURRENT_PROJECT_VERSION = 1;
				DEVELOPMENT_TEAM = P6BMHC8R6H;
				ENABLE_PREVIEWS = YES;
				GENERATE_INFOPLIST_FILE = NO;
				INFOPLIST_FILE = Info.plist;
				LD_RUNPATH_SEARCH_PATHS = (
					"$(inherited)",
					"@executable_path/Frameworks",
				);
				MARKETING_VERSION = 1.0;
				PRODUCT_BUNDLE_IDENTIFIER = harajli.marmy;
				PRODUCT_NAME = "$(TARGET_NAME)";
				SWIFT_EMIT_LOC_STRINGS = YES;
				SWIFT_VERSION = 5.0;
				TARGETED_DEVICE_FAMILY = "1,2";
			};
			name = Debug;
		};
		F4B9BA4F2F1C75CC00DE02C7 /* Release */ = {
			isa = XCBuildConfiguration;
			buildSettings = {
				ASSETCATALOG_COMPILER_APPICON_NAME = AppIcon;
				ASSETCATALOG_COMPILER_GLOBAL_ACCENT_COLOR_NAME = AccentColor;
				CODE_SIGN_STYLE = Automatic;
				CURRENT_PROJECT_VERSION = 1;
				DEVELOPMENT_TEAM = P6BMHC8R6H;
				ENABLE_PREVIEWS = YES;
				GENERATE_INFOPLIST_FILE = NO;
				INFOPLIST_FILE = Info.plist;
				LD_RUNPATH_SEARCH_PATHS = (
					"$(inherited)",
					"@executable_path/Frameworks",
				);
				MARKETING_VERSION = 1.0;
				PRODUCT_BUNDLE_IDENTIFIER = harajli.marmy;
				PRODUCT_NAME = "$(TARGET_NAME)";
				SWIFT_EMIT_LOC_STRINGS = YES;
				SWIFT_VERSION = 5.0;
				TARGETED_DEVICE_FAMILY = "1,2";
			};
			name = Release;
		};
		F4B9BA512F1C75CC00DE02C7 /* Debug */ = {
			isa = XCBuildConfiguration;
			buildSettings = {
				BUNDLE_LOADER = "$(TEST_HOST)";
				CODE_SIGN_STYLE = Automatic;
				CURRENT_PROJECT_VERSION = 1;
				DEVELOPMENT_TEAM = P6BMHC8R6H;
				GENERATE_INFOPLIST_FILE = YES;
				IPHONEOS_DEPLOYMENT_TARGET = 18.5;
				MARKETING_VERSION = 1.0;
				PRODUCT_BUNDLE_IDENTIFIER = harajli.marmyTests;
				PRODUCT_NAME = "$(TARGET_NAME)";
				SWIFT_EMIT_LOC_STRINGS = NO;
				SWIFT_VERSION = 5.0;
				TARGETED_DEVICE_FAMILY = "1,2";
				TEST_HOST = "$(BUILT_PRODUCTS_DIR)/marmy.app/$(BUNDLE_EXECUTABLE_FOLDER_PATH)/marmy";
			};
			name = Debug;
		};
		F4B9BA522F1C75CC00DE02C7 /* Release */ = {
			isa = XCBuildConfiguration;
			buildSettings = {
				BUNDLE_LOADER = "$(TEST_HOST)";
				CODE_SIGN_STYLE = Automatic;
				CURRENT_PROJECT_VERSION = 1;
				DEVELOPMENT_TEAM = P6BMHC8R6H;
				GENERATE_INFOPLIST_FILE = YES;
				IPHONEOS_DEPLOYMENT_TARGET = 18.5;
				MARKETING_VERSION = 1.0;
				PRODUCT_BUNDLE_IDENTIFIER = harajli.marmyTests;
				PRODUCT_NAME = "$(TARGET_NAME)";
				SWIFT_EMIT_LOC_STRINGS = NO;
				SWIFT_VERSION = 5.0;
				TARGETED_DEVICE_FAMILY = "1,2";
				TEST_HOST = "$(BUILT_PRODUCTS_DIR)/marmy.app/$(BUNDLE_EXECUTABLE_FOLDER_PATH)/marmy";
			};
			name = Release;
		};
		F4B9BA542F1C75CC00DE02C7 /* Debug */ = {
			isa = XCBuildConfiguration;
			buildSettings = {
				CODE_SIGN_STYLE = Automatic;
				CURRENT_PROJECT_VERSION = 1;
				DEVELOPMENT_TEAM = P6BMHC8R6H;
				GENERATE_INFOPLIST_FILE = YES;
				MARKETING_VERSION = 1.0;
				PRODUCT_BUNDLE_IDENTIFIER = harajli.marmyUITests;
				PRODUCT_NAME = "$(TARGET_NAME)";
				SWIFT_EMIT_LOC_STRINGS = NO;
				SWIFT_VERSION = 5.0;
				TARGETED_DEVICE_FAMILY = "1,2";
				TEST_TARGET_NAME = marmy;
			};
			name = Debug;
		};
		F4B9BA552F1C75CC00DE02C7 /* Release */ = {
			isa = XCBuildConfiguration;
			buildSettings = {
				CODE_SIGN_STYLE = Automatic;
				CURRENT_PROJECT_VERSION = 1;
				DEVELOPMENT_TEAM = P6BMHC8R6H;
				GENERATE_INFOPLIST_FILE = YES;
				MARKETING_VERSION = 1.0;
				PRODUCT_BUNDLE_IDENTIFIER = harajli.marmyUITests;
				PRODUCT_NAME = "$(TARGET_NAME)";
				SWIFT_EMIT_LOC_STRINGS = NO;
				SWIFT_VERSION = 5.0;
				TARGETED_DEVICE_FAMILY = "1,2";
				TEST_TARGET_NAME = marmy;
			};
			name = Release;
		};
/* End XCBuildConfiguration section */

/* Begin XCConfigurationList section */
		F4B9BA272F1C75CB00DE02C7 /* Build configuration list for PBXProject "marmy" */ = {
			isa = XCConfigurationList;
			buildConfigurations = (
				F4B9BA4B2F1C75CC00DE02C7 /* Debug */,
				F4B9BA4C2F1C75CC00DE02C7 /* Release */,
			);
			defaultConfigurationIsVisible = 0;
			defaultConfigurationName = Release;
		};
		F4B9BA4D2F1C75CC00DE02C7 /* Build configuration list for PBXNativeTarget "marmy" */ = {
			isa = XCConfigurationList;
			buildConfigurations = (
				F4B9BA4E2F1C75CC00DE02C7 /* Debug */,
				F4B9BA4F2F1C75CC00DE02C7 /* Release */,
			);
			defaultConfigurationIsVisible = 0;
			defaultConfigurationName = Release;
		};
		F4B9BA502F1C75CC00DE02C7 /* Build configuration list for PBXNativeTarget "marmyTests" */ = {
			isa = XCConfigurationList;
			buildConfigurations = (
				F4B9BA512F1C75CC00DE02C7 /* Debug */,
				F4B9BA522F1C75CC00DE02C7 /* Release */,
			);
			defaultConfigurationIsVisible = 0;
			defaultConfigurationName = Release;
		};
		F4B9BA532F1C75CC00DE02C7 /* Build configuration list for PBXNativeTarget "marmyUITests" */ = {
			isa = XCConfigurationList;
			buildConfigurations = (
				F4B9BA542F1C75CC00DE02C7 /* Debug */,
				F4B9BA552F1C75CC00DE02C7 /* Release */,
			);
			defaultConfigurationIsVisible = 0;
			defaultConfigurationName = Release;
		};
/* End XCConfigurationList section */
	};
	rootObject = F4B9BA242F1C75CB00DE02C7 /* Project object */;
}
